
Microsoft Visual Studio Solution File, Format Version 12.00
# Visual Studio Version 16
VisualStudioVersion = 16.0.31829.152
MinimumVisualStudioVersion = 10.0.40219.1
Project("{8BC9CEB8-8B4A-11D0-8D11-00A0C91BC942}") = "Praktical_task_7", "Praktical_task_7\Praktical_task_7.vcxproj", "{3DB9457C-7C7F-4896-9FDE-05067FB35AD1}"
EndProject
Global
	GlobalSection(SolutionConfigurationPlatforms) = preSolution
		Debug|x64 = Debug|x64
		Debug|x86 = Debug|x86
		Release|x64 = Release|x64
		Release|x86 = Release|x86
	EndGlobalSection
	GlobalSection(ProjectConfigurationPlatforms) = postSolution
		{3DB9457C-7C7F-4896-9FDE-05067FB35AD1}.Debug|x64.ActiveCfg = Debug|x64
		{3DB9457C-7C7F-4896-9FDE-05067FB35AD1}.Debug|x64.Build.0 = Debug|x64
		{3DB9457C-7C7F-4896-9FDE-05067FB35AD1}.Debug|x86.ActiveCfg = Debug|Win32
		{3DB9457C-7C7F-4896-9FDE-05067FB35AD1}.Debug|x86.Build.0 = Debug|Win32
		{3DB9457C-7C7F-4896-9FDE-05067FB35AD1}.Release|x64.ActiveCfg = Release|x64
		{3DB9457C-7C7F-4896-9FDE-05067FB35AD1}.Release|x64.Build.0 = Release|x64
		{3DB9457C-7C7F-4896-9FDE-05067FB35AD1}.Release|x86.ActiveCfg = Release|Win32
		{3DB9457C-7C7F-4896-9FDE-05067FB35AD1}.Release|x86.Build.0 = Release|Win32
	EndGlobalSection
	GlobalSection(SolutionProperties) = preSolution
		HideSolutionNode = FALSE
	EndGlobalSection
	GlobalSection(ExtensibilityGlobals) = postSolution
		SolutionGuid = {9D94EC8E-8D50-44DC-BFD7-2D1F5CAC42C4}
	EndGlobalSection
EndGlobal
